
Microsoft Visual Studio Solution File, Format Version 12.00
Project("{FAE04EC0-301F-11D3-BF4B-00C04F79EFBC}") = "FellSealAssetLoader", "FellSealAssetLoader\FellSealAssetLoader.csproj", "{E58BB3BD-32F8-4C29-8AE3-52D95483585A}"
EndProject
Project("{FAE04EC0-301F-11D3-BF4B-00C04F79EFBC}") = "MonkClass", "MonkClass\MonkClass.csproj", "{97694846-62FC-49F3-862E-F0EA62BC2408}"
EndProject
Project("{FAE04EC0-301F-11D3-BF4B-00C04F79EFBC}") = "XPOverflow", "XPOverflow\XPOverflow.csproj", "{697C0584-C2A3-40D2-9F67-0828BF5FA855}"
EndProject
Project("{FAE04EC0-301F-11D3-BF4B-00C04F79EFBC}") = "OrdinaryOrdnance", "OrdinaryOrdnance\OrdinaryOrdnance.csproj", "{2AF2F214-82A5-4757-98EA-419B2B3E1D37}"
EndProject
Project("{FAE04EC0-301F-11D3-BF4B-00C04F79EFBC}") = "ModTemplate", "ModTemplate\ModTemplate.csproj", "{E3F1D47C-B739-4118-BC9B-A64CD5368933}"
EndProject
Project("{FAE04EC0-301F-11D3-BF4B-00C04F79EFBC}") = "TimeKeeper", "TimeKeeper\TimeKeeper.csproj", "{E72FA348-022D-4836-BE39-64A1E489138C}"
EndProject
Project("{FAE04EC0-301F-11D3-BF4B-00C04F79EFBC}") = "ChemistClass", "ChemistClass\ChemistClass.csproj", "{F395E5B1-5F8B-47EF-BCE4-1C0013C9B5B1}"
EndProject
Global
	GlobalSection(SolutionConfigurationPlatforms) = preSolution
		Debug|Any CPU = Debug|Any CPU
		Release|Any CPU = Release|Any CPU
	EndGlobalSection
	GlobalSection(ProjectConfigurationPlatforms) = postSolution
		{E58BB3BD-32F8-4C29-8AE3-52D95483585A}.Debug|Any CPU.ActiveCfg = Debug|Any CPU
		{E58BB3BD-32F8-4C29-8AE3-52D95483585A}.Debug|Any CPU.Build.0 = Debug|Any CPU
		{E58BB3BD-32F8-4C29-8AE3-52D95483585A}.Release|Any CPU.ActiveCfg = Release|Any CPU
		{E58BB3BD-32F8-4C29-8AE3-52D95483585A}.Release|Any CPU.Build.0 = Release|Any CPU
		{97694846-62FC-49F3-862E-F0EA62BC2408}.Debug|Any CPU.ActiveCfg = Debug|Any CPU
		{97694846-62FC-49F3-862E-F0EA62BC2408}.Debug|Any CPU.Build.0 = Debug|Any CPU
		{97694846-62FC-49F3-862E-F0EA62BC2408}.Release|Any CPU.ActiveCfg = Release|Any CPU
		{97694846-62FC-49F3-862E-F0EA62BC2408}.Release|Any CPU.Build.0 = Release|Any CPU
		{697C0584-C2A3-40D2-9F67-0828BF5FA855}.Debug|Any CPU.ActiveCfg = Debug|Any CPU
		{697C0584-C2A3-40D2-9F67-0828BF5FA855}.Debug|Any CPU.Build.0 = Debug|Any CPU
		{697C0584-C2A3-40D2-9F67-0828BF5FA855}.Release|Any CPU.ActiveCfg = Release|Any CPU
		{697C0584-C2A3-40D2-9F67-0828BF5FA855}.Release|Any CPU.Build.0 = Release|Any CPU
		{2AF2F214-82A5-4757-98EA-419B2B3E1D37}.Debug|Any CPU.ActiveCfg = Debug|Any CPU
		{2AF2F214-82A5-4757-98EA-419B2B3E1D37}.Debug|Any CPU.Build.0 = Debug|Any CPU
		{2AF2F214-82A5-4757-98EA-419B2B3E1D37}.Release|Any CPU.ActiveCfg = Release|Any CPU
		{2AF2F214-82A5-4757-98EA-419B2B3E1D37}.Release|Any CPU.Build.0 = Release|Any CPU
		{E3F1D47C-B739-4118-BC9B-A64CD5368933}.Debug|Any CPU.ActiveCfg = Debug|Any CPU
		{E3F1D47C-B739-4118-BC9B-A64CD5368933}.Debug|Any CPU.Build.0 = Debug|Any CPU
		{E3F1D47C-B739-4118-BC9B-A64CD5368933}.Release|Any CPU.ActiveCfg = Release|Any CPU
		{E3F1D47C-B739-4118-BC9B-A64CD5368933}.Release|Any CPU.Build.0 = Release|Any CPU
		{E72FA348-022D-4836-BE39-64A1E489138C}.Debug|Any CPU.ActiveCfg = Debug|Any CPU
		{E72FA348-022D-4836-BE39-64A1E489138C}.Debug|Any CPU.Build.0 = Debug|Any CPU
		{E72FA348-022D-4836-BE39-64A1E489138C}.Release|Any CPU.ActiveCfg = Release|Any CPU
		{E72FA348-022D-4836-BE39-64A1E489138C}.Release|Any CPU.Build.0 = Release|Any CPU
		{F395E5B1-5F8B-47EF-BCE4-1C0013C9B5B1}.Debug|Any CPU.ActiveCfg = Debug|Any CPU
		{F395E5B1-5F8B-47EF-BCE4-1C0013C9B5B1}.Debug|Any CPU.Build.0 = Debug|Any CPU
		{F395E5B1-5F8B-47EF-BCE4-1C0013C9B5B1}.Release|Any CPU.ActiveCfg = Release|Any CPU
		{F395E5B1-5F8B-47EF-BCE4-1C0013C9B5B1}.Release|Any CPU.Build.0 = Release|Any CPU
	EndGlobalSection
EndGlobal
